
Microsoft Visual Studio Solution File, Format Version 12.00
# Visual Studio Version 17
VisualStudioVersion = 17.3.32819.101
MinimumVisualStudioVersion = 10.0.40219.1
Project("{FAE04EC0-301F-11D3-BF4B-00C04F79EFBC}") = "Lab1", "Labs\Lab1.csproj", "{FECB9000-44C1-42DF-8538-0B01BAA34D0A}"
EndProject
Project("{FAE04EC0-301F-11D3-BF4B-00C04F79EFBC}") = "Lab2", "Lab2\Lab2.csproj", "{7A18FD1A-D307-402E-95F4-29EB90A07DBB}"
EndProject
Project("{FAE04EC0-301F-11D3-BF4B-00C04F79EFBC}") = "Lab3", "Lab3\Lab3.csproj", "{4D96328B-13C7-42BC-A791-92AA677869B1}"
EndProject
Project("{FAE04EC0-301F-11D3-BF4B-00C04F79EFBC}") = "Lab4", "Lab4\Lab4.csproj", "{217DAF22-5845-499A-B7C3-6BAB167A4CEB}"
EndProject
Project("{FAE04EC0-301F-11D3-BF4B-00C04F79EFBC}") = "LabLib", "LabLib\LabLib.csproj", "{672FB905-7DF2-4F96-BBF1-69030B2FB2B1}"
EndProject
Project("{9A19103F-16F7-4668-BE54-9A1E7A4F7556}") = "Lab5 (.NET Core)", "Lab5 (.NET Core)\Lab5 (.NET Core).csproj", "{6705240E-44D6-498C-9B7F-790F416BA148}"
EndProject
Project("{FAE04EC0-301F-11D3-BF4B-00C04F79EFBC}") = "Lab6, 7", "Lab6\Lab6, 7.csproj", "{53B77A47-2205-445A-A052-F4C73F8B73CD}"
EndProject
Global
	GlobalSection(SolutionConfigurationPlatforms) = preSolution
		Debug|Any CPU = Debug|Any CPU
		Release|Any CPU = Release|Any CPU
	EndGlobalSection
	GlobalSection(ProjectConfigurationPlatforms) = postSolution
		{FECB9000-44C1-42DF-8538-0B01BAA34D0A}.Debug|Any CPU.ActiveCfg = Debug|Any CPU
		{FECB9000-44C1-42DF-8538-0B01BAA34D0A}.Debug|Any CPU.Build.0 = Debug|Any CPU
		{FECB9000-44C1-42DF-8538-0B01BAA34D0A}.Release|Any CPU.ActiveCfg = Release|Any CPU
		{FECB9000-44C1-42DF-8538-0B01BAA34D0A}.Release|Any CPU.Build.0 = Release|Any CPU
		{7A18FD1A-D307-402E-95F4-29EB90A07DBB}.Debug|Any CPU.ActiveCfg = Debug|Any CPU
		{7A18FD1A-D307-402E-95F4-29EB90A07DBB}.Debug|Any CPU.Build.0 = Debug|Any CPU
		{7A18FD1A-D307-402E-95F4-29EB90A07DBB}.Release|Any CPU.ActiveCfg = Release|Any CPU
		{7A18FD1A-D307-402E-95F4-29EB90A07DBB}.Release|Any CPU.Build.0 = Release|Any CPU
		{4D96328B-13C7-42BC-A791-92AA677869B1}.Debug|Any CPU.ActiveCfg = Debug|Any CPU
		{4D96328B-13C7-42BC-A791-92AA677869B1}.Debug|Any CPU.Build.0 = Debug|Any CPU
		{4D96328B-13C7-42BC-A791-92AA677869B1}.Release|Any CPU.ActiveCfg = Release|Any CPU
		{4D96328B-13C7-42BC-A791-92AA677869B1}.Release|Any CPU.Build.0 = Release|Any CPU
		{217DAF22-5845-499A-B7C3-6BAB167A4CEB}.Debug|Any CPU.ActiveCfg = Debug|Any CPU
		{217DAF22-5845-499A-B7C3-6BAB167A4CEB}.Debug|Any CPU.Build.0 = Debug|Any CPU
		{217DAF22-5845-499A-B7C3-6BAB167A4CEB}.Release|Any CPU.ActiveCfg = Release|Any CPU
		{217DAF22-5845-499A-B7C3-6BAB167A4CEB}.Release|Any CPU.Build.0 = Release|Any CPU
		{672FB905-7DF2-4F96-BBF1-69030B2FB2B1}.Debug|Any CPU.ActiveCfg = Debug|Any CPU
		{672FB905-7DF2-4F96-BBF1-69030B2FB2B1}.Debug|Any CPU.Build.0 = Debug|Any CPU
		{672FB905-7DF2-4F96-BBF1-69030B2FB2B1}.Release|Any CPU.ActiveCfg = Release|Any CPU
		{672FB905-7DF2-4F96-BBF1-69030B2FB2B1}.Release|Any CPU.Build.0 = Release|Any CPU
		{6705240E-44D6-498C-9B7F-790F416BA148}.Debug|Any CPU.ActiveCfg = Debug|Any CPU
		{6705240E-44D6-498C-9B7F-790F416BA148}.Debug|Any CPU.Build.0 = Debug|Any CPU
		{6705240E-44D6-498C-9B7F-790F416BA148}.Release|Any CPU.ActiveCfg = Release|Any CPU
		{6705240E-44D6-498C-9B7F-790F416BA148}.Release|Any CPU.Build.0 = Release|Any CPU
		{53B77A47-2205-445A-A052-F4C73F8B73CD}.Debug|Any CPU.ActiveCfg = Debug|Any CPU
		{53B77A47-2205-445A-A052-F4C73F8B73CD}.Debug|Any CPU.Build.0 = Debug|Any CPU
		{53B77A47-2205-445A-A052-F4C73F8B73CD}.Release|Any CPU.ActiveCfg = Release|Any CPU
		{53B77A47-2205-445A-A052-F4C73F8B73CD}.Release|Any CPU.Build.0 = Release|Any CPU
	EndGlobalSection
	GlobalSection(SolutionProperties) = preSolution
		HideSolutionNode = FALSE
	EndGlobalSection
	GlobalSection(ExtensibilityGlobals) = postSolution
		SolutionGuid = {EA511F21-65BB-4DF2-BDF6-D53309EEB5BA}
	EndGlobalSection
EndGlobal
